
Microsoft Visual Studio Solution File, Format Version 12.00
# Visual Studio Version 17
VisualStudioVersion = 17.1.32407.343
MinimumVisualStudioVersion = 10.0.40219.1
Project("{FAE04EC0-301F-11D3-BF4B-00C04F79EFBC}") = "AzureCS_API", "AzureCS_API.csproj", "{8BA0DC6E-592F-4590-95F2-86733D9F1AA3}"
EndProject
Global
	GlobalSection(SolutionConfigurationPlatforms) = preSolution
		Debug|Any CPU = Debug|Any CPU
		Release|Any CPU = Release|Any CPU
	EndGlobalSection
	GlobalSection(ProjectConfigurationPlatforms) = postSolution
		{8BA0DC6E-592F-4590-95F2-86733D9F1AA3}.Debug|Any CPU.ActiveCfg = Debug|Any CPU
		{8BA0DC6E-592F-4590-95F2-86733D9F1AA3}.Debug|Any CPU.Build.0 = Debug|Any CPU
		{8BA0DC6E-592F-4590-95F2-86733D9F1AA3}.Release|Any CPU.ActiveCfg = Release|Any CPU
		{8BA0DC6E-592F-4590-95F2-86733D9F1AA3}.Release|Any CPU.Build.0 = Release|Any CPU
	EndGlobalSection
	GlobalSection(SolutionProperties) = preSolution
		HideSolutionNode = FALSE
	EndGlobalSection
	GlobalSection(ExtensibilityGlobals) = postSolution
		SolutionGuid = {37FB14D2-0982-443F-BA31-551AF10B4CEB}
	EndGlobalSection
EndGlobal
